// !$*UTF8*$!
{
	archiveVersion = 1;
	classes = {
	};
	objectVersion = 46;
	objects = {

/* Begin PBXBuildFile section */
		832399131AE49F5400D64558 /* head.jpg in Resources */ = {isa = PBXBuildFile; fileRef = 832399121AE49F5400D64558 /* head.jpg */; };
		8323991F1AE4A60B00D64558 /* 1_0m.png in Resources */ = {isa = PBXBuildFile; fileRef = 832399141AE4A60B00D64558 /* 1_0m.png */; };
		832399201AE4A60B00D64558 /* 1_1m.png in Resources */ = {isa = PBXBuildFile; fileRef = 832399151AE4A60B00D64558 /* 1_1m.png */; };
		832399211AE4A60B00D64558 /* 1_2m.png in Resources */ = {isa = PBXBuildFile; fileRef = 832399161AE4A60B00D64558 /* 1_2m.png */; };
		832399221AE4A60B00D64558 /* 1_3m.png in Resources */ = {isa = PBXBuildFile; fileRef = 832399171AE4A60B00D64558 /* 1_3m.png */; };
		832399231AE4A60B00D64558 /* 1_4m.png in Resources */ = {isa = PBXBuildFile; fileRef = 832399181AE4A60B00D64558 /* 1_4m.png */; };
		832399241AE4A60B00D64558 /* 1_5m.png in Resources */ = {isa = PBXBuildFile; fileRef = 832399191AE4A60B00D64558 /* 1_5m.png */; };
		832399251AE4A60B00D64558 /* 1_6m.png in Resources */ = {isa = PBXBuildFile; fileRef = 8323991A1AE4A60B00D64558 /* 1_6m.png */; };
		832399261AE4A60B00D64558 /* 2_0m.png in Resources */ = {isa = PBXBuildFile; fileRef = 8323991B1AE4A60B00D64558 /* 2_0m.png */; };
		832399271AE4A60B00D64558 /* 2_1m.png in Resources */ = {isa = PBXBuildFile; fileRef = 8323991C1AE4A60B00D64558 /* 2_1m.png */; };
		832399281AE4A60B00D64558 /* 3_0m.png in Resources */ = {isa = PBXBuildFile; fileRef = 8323991D1AE4A60B00D64558 /* 3_0m.png */; };
		832399291AE4A60B00D64558 /* 3_1m.png in Resources */ = {isa = PBXBuildFile; fileRef = 8323991E1AE4A60B00D64558 /* 3_1m.png */; };
		832399361AE4DB5900D64558 /* TableViewCell.m in Sources */ = {isa = PBXBuildFile; fileRef = 832399351AE4DB5900D64558 /* TableViewCell.m */; };
		835CA4CF1AE201D9005B2340 /* main.m in Sources */ = {isa = PBXBuildFile; fileRef = 835CA4CE1AE201D9005B2340 /* main.m */; };
		835CA4D21AE201D9005B2340 /* AppDelegate.m in Sources */ = {isa = PBXBuildFile; fileRef = 835CA4D11AE201D9005B2340 /* AppDelegate.m */; };
		835CA4D51AE201D9005B2340 /* ViewController.m in Sources */ = {isa = PBXBuildFile; fileRef = 835CA4D41AE201D9005B2340 /* ViewController.m */; };
		835CA4D81AE201D9005B2340 /* Main.storyboard in Resources */ = {isa = PBXBuildFile; fileRef = 835CA4D61AE201D9005B2340 /* Main.storyboard */; };
		835CA4DA1AE201D9005B2340 /* Images.xcassets in Resources */ = {isa = PBXBuildFile; fileRef = 835CA4D91AE201D9005B2340 /* Images.xcassets */; };
		835CA4DD1AE201D9005B2340 /* LaunchScreen.xib in Resources */ = {isa = PBXBuildFile; fileRef = 835CA4DB1AE201D9005B2340 /* LaunchScreen.xib */; };
		835CA4E91AE201D9005B2340 /* MoveEducationTests.m in Sources */ = {isa = PBXBuildFile; fileRef = 835CA4E81AE201D9005B2340 /* MoveEducationTests.m */; };
		835CA4FA1AE201F2005B2340 /* DEMOHomeViewController.m in Sources */ = {isa = PBXBuildFile; fileRef = 835CA4F31AE201F2005B2340 /* DEMOHomeViewController.m */; };
		835CA4FB1AE201F2005B2340 /* DEMOMenuViewController.m in Sources */ = {isa = PBXBuildFile; fileRef = 835CA4F51AE201F2005B2340 /* DEMOMenuViewController.m */; };
		835CA4FC1AE201F2005B2340 /* DEMONavigationController.m in Sources */ = {isa = PBXBuildFile; fileRef = 835CA4F71AE201F2005B2340 /* DEMONavigationController.m */; };
		835CA4FD1AE201F2005B2340 /* DEMOSecondViewController.m in Sources */ = {isa = PBXBuildFile; fileRef = 835CA4F91AE201F2005B2340 /* DEMOSecondViewController.m */; };
		835CA50B1AE20209005B2340 /* RECommonFunctions.m in Sources */ = {isa = PBXBuildFile; fileRef = 835CA5001AE20209005B2340 /* RECommonFunctions.m */; };
		835CA50C1AE20209005B2340 /* REFrostedContainerViewController.m in Sources */ = {isa = PBXBuildFile; fileRef = 835CA5021AE20209005B2340 /* REFrostedContainerViewController.m */; };
		835CA50D1AE20209005B2340 /* REFrostedViewController.m in Sources */ = {isa = PBXBuildFile; fileRef = 835CA5041AE20209005B2340 /* REFrostedViewController.m */; };
		835CA50E1AE20209005B2340 /* UIImage+REFrostedViewController.m in Sources */ = {isa = PBXBuildFile; fileRef = 835CA5061AE20209005B2340 /* UIImage+REFrostedViewController.m */; };
		835CA50F1AE20209005B2340 /* UIView+REFrostedViewController.m in Sources */ = {isa = PBXBuildFile; fileRef = 835CA5081AE20209005B2340 /* UIView+REFrostedViewController.m */; };
		835CA5101AE20209005B2340 /* UIViewController+REFrostedViewController.m in Sources */ = {isa = PBXBuildFile; fileRef = 835CA50A1AE20209005B2340 /* UIViewController+REFrostedViewController.m */; };
		835CA5151AE20850005B2340 /* back.png in Resources */ = {isa = PBXBuildFile; fileRef = 835CA5141AE20850005B2340 /* back.png */; };
/* End PBXBuildFile section */

/* Begin PBXContainerItemProxy section */
		835CA4E31AE201D9005B2340 /* PBXContainerItemProxy */ = {
			isa = PBXContainerItemProxy;
			containerPortal = 835CA4C11AE201D9005B2340 /* Project object */;
			proxyType = 1;
			remoteGlobalIDString = 835CA4C81AE201D9005B2340;
			remoteInfo = MoveEducation;
		};
/* End PBXContainerItemProxy section */

/* Begin PBXFileReference section */
		832399121AE49F5400D64558 /* head.jpg */ = {isa = PBXFileReference; lastKnownFileType = image.jpeg; path = head.jpg; sourceTree = "<group>"; };
		832399141AE4A60B00D64558 /* 1_0m.png */ = {isa = PBXFileReference; lastKnownFileType = image.png; path = 1_0m.png; sourceTree = "<group>"; };
		832399151AE4A60B00D64558 /* 1_1m.png */ = {isa = PBXFileReference; lastKnownFileType = image.png; path = 1_1m.png; sourceTree = "<group>"; };
		832399161AE4A60B00D64558 /* 1_2m.png */ = {isa = PBXFileReference; lastKnownFileType = image.png; path = 1_2m.png; sourceTree = "<group>"; };
		832399171AE4A60B00D64558 /* 1_3m.png */ = {isa = PBXFileReference; lastKnownFileType = image.png; path = 1_3m.png; sourceTree = "<group>"; };
		832399181AE4A60B00D64558 /* 1_4m.png */ = {isa = PBXFileReference; lastKnownFileType = image.png; path = 1_4m.png; sourceTree = "<group>"; };
		832399191AE4A60B00D64558 /* 1_5m.png */ = {isa = PBXFileReference; lastKnownFileType = image.png; path = 1_5m.png; sourceTree = "<group>"; };
		8323991A1AE4A60B00D64558 /* 1_6m.png */ = {isa = PBXFileReference; lastKnownFileType = image.png; path = 1_6m.png; sourceTree = "<group>"; };
		8323991B1AE4A60B00D64558 /* 2_0m.png */ = {isa = PBXFileReference; lastKnownFileType = image.png; path = 2_0m.png; sourceTree = "<group>"; };
		8323991C1AE4A60B00D64558 /* 2_1m.png */ = {isa = PBXFileReference; lastKnownFileType = image.png; path = 2_1m.png; sourceTree = "<group>"; };
		8323991D1AE4A60B00D64558 /* 3_0m.png */ = {isa = PBXFileReference; lastKnownFileType = image.png; path = 3_0m.png; sourceTree = "<group>"; };
		8323991E1AE4A60B00D64558 /* 3_1m.png */ = {isa = PBXFileReference; lastKnownFileType = image.png; path = 3_1m.png; sourceTree = "<group>"; };
		832399341AE4DB5900D64558 /* TableViewCell.h */ = {isa = PBXFileReference; fileEncoding = 4; lastKnownFileType = sourcecode.c.h; name = TableViewCell.h; path = ../../../../../../Documents/TableViewCell.h; sourceTree = "<group>"; };
		832399351AE4DB5900D64558 /* TableViewCell.m */ = {isa = PBXFileReference; fileEncoding = 4; lastKnownFileType = sourcecode.c.objc; name = TableViewCell.m; path = ../../../../../../Documents/TableViewCell.m; sourceTree = "<group>"; };
		835CA4C91AE201D9005B2340 /* MoveEducation.app */ = {isa = PBXFileReference; explicitFileType = wrapper.application; includeInIndex = 0; path = MoveEducation.app; sourceTree = BUILT_PRODUCTS_DIR; };
		835CA4CD1AE201D9005B2340 /* Info.plist */ = {isa = PBXFileReference; lastKnownFileType = text.plist.xml; path = Info.plist; sourceTree = "<group>"; };
		835CA4CE1AE201D9005B2340 /* main.m */ = {isa = PBXFileReference; lastKnownFileType = sourcecode.c.objc; path = main.m; sourceTree = "<group>"; };
		835CA4D01AE201D9005B2340 /* AppDelegate.h */ = {isa = PBXFileReference; lastKnownFileType = sourcecode.c.h; path = AppDelegate.h; sourceTree = "<group>"; };
		835CA4D11AE201D9005B2340 /* AppDelegate.m */ = {isa = PBXFileReference; lastKnownFileType = sourcecode.c.objc; path = AppDelegate.m; sourceTree = "<group>"; };
		835CA4D31AE201D9005B2340 /* ViewController.h */ = {isa = PBXFileReference; lastKnownFileType = sourcecode.c.h; path = ViewController.h; sourceTree = "<group>"; };
		835CA4D41AE201D9005B2340 /* ViewController.m */ = {isa = PBXFileReference; lastKnownFileType = sourcecode.c.objc; path = ViewController.m; sourceTree = "<group>"; };
		835CA4D71AE201D9005B2340 /* Base */ = {isa = PBXFileReference; lastKnownFileType = file.storyboard; name = Base; path = Base.lproj/Main.storyboard; sourceTree = "<group>"; };
		835CA4D91AE201D9005B2340 /* Images.xcassets */ = {isa = PBXFileReference; lastKnownFileType = folder.assetcatalog; path = Images.xcassets; sourceTree = "<group>"; };
		835CA4DC1AE201D9005B2340 /* Base */ = {isa = PBXFileReference; lastKnownFileType = file.xib; name = Base; path = Base.lproj/LaunchScreen.xib; sourceTree = "<group>"; };
		835CA4E21AE201D9005B2340 /* MoveEducationTests.xctest */ = {isa = PBXFileReference; explicitFileType = wrapper.cfbundle; includeInIndex = 0; path = MoveEducationTests.xctest; sourceTree = BUILT_PRODUCTS_DIR; };
		835CA4E71AE201D9005B2340 /* Info.plist */ = {isa = PBXFileReference; lastKnownFileType = text.plist.xml; path = Info.plist; sourceTree = "<group>"; };
		835CA4E81AE201D9005B2340 /* MoveEducationTests.m */ = {isa = PBXFileReference; lastKnownFileType = sourcecode.c.objc; path = MoveEducationTests.m; sourceTree = "<group>"; };
		835CA4F21AE201F2005B2340 /* DEMOHomeViewController.h */ = {isa = PBXFileReference; fileEncoding = 4; lastKnownFileType = sourcecode.c.h; path = DEMOHomeViewController.h; sourceTree = "<group>"; };
		835CA4F31AE201F2005B2340 /* DEMOHomeViewController.m */ = {isa = PBXFileReference; fileEncoding = 4; lastKnownFileType = sourcecode.c.objc; path = DEMOHomeViewController.m; sourceTree = "<group>"; };
		835CA4F41AE201F2005B2340 /* DEMOMenuViewController.h */ = {isa = PBXFileReference; fileEncoding = 4; lastKnownFileType = sourcecode.c.h; path = DEMOMenuViewController.h; sourceTree = "<group>"; };
		835CA4F51AE201F2005B2340 /* DEMOMenuViewController.m */ = {isa = PBXFileReference; fileEncoding = 4; lastKnownFileType = sourcecode.c.objc; path = DEMOMenuViewController.m; sourceTree = "<group>"; };
		835CA4F61AE201F2005B2340 /* DEMONavigationController.h */ = {isa = PBXFileReference; fileEncoding = 4; lastKnownFileType = sourcecode.c.h; path = DEMONavigationController.h; sourceTree = "<group>"; };
		835CA4F71AE201F2005B2340 /* DEMONavigationController.m */ = {isa = PBXFileReference; fileEncoding = 4; lastKnownFileType = sourcecode.c.objc; path = DEMONavigationController.m; sourceTree = "<group>"; };
		835CA4F81AE201F2005B2340 /* DEMOSecondViewController.h */ = {isa = PBXFileReference; fileEncoding = 4; lastKnownFileType = sourcecode.c.h; path = DEMOSecondViewController.h; sourceTree = "<group>"; };
		835CA4F91AE201F2005B2340 /* DEMOSecondViewController.m */ = {isa = PBXFileReference; fileEncoding = 4; lastKnownFileType = sourcecode.c.objc; path = DEMOSecondViewController.m; sourceTree = "<group>"; };
		835CA4FF1AE20209005B2340 /* RECommonFunctions.h */ = {isa = PBXFileReference; fileEncoding = 4; lastKnownFileType = sourcecode.c.h; path = RECommonFunctions.h; sourceTree = "<group>"; };
		835CA5001AE20209005B2340 /* RECommonFunctions.m */ = {isa = PBXFileReference; fileEncoding = 4; lastKnownFileType = sourcecode.c.objc; path = RECommonFunctions.m; sourceTree = "<group>"; };
		835CA5011AE20209005B2340 /* REFrostedContainerViewController.h */ = {isa = PBXFileReference; fileEncoding = 4; lastKnownFileType = sourcecode.c.h; path = REFrostedContainerViewController.h; sourceTree = "<group>"; };
		835CA5021AE20209005B2340 /* REFrostedContainerViewController.m */ = {isa = PBXFileReference; fileEncoding = 4; lastKnownFileType = sourcecode.c.objc; path = REFrostedContainerViewController.m; sourceTree = "<group>"; };
		835CA5031AE20209005B2340 /* REFrostedViewController.h */ = {isa = PBXFileReference; fileEncoding = 4; lastKnownFileType = sourcecode.c.h; path = REFrostedViewController.h; sourceTree = "<group>"; };
		835CA5041AE20209005B2340 /* REFrostedViewController.m */ = {isa = PBXFileReference; fileEncoding = 4; lastKnownFileType = sourcecode.c.objc; path = REFrostedViewController.m; sourceTree = "<group>"; };
		835CA5051AE20209005B2340 /* UIImage+REFrostedViewController.h */ = {isa = PBXFileReference; fileEncoding = 4; lastKnownFileType = sourcecode.c.h; path = "UIImage+REFrostedViewController.h"; sourceTree = "<group>"; };
		835CA5061AE20209005B2340 /* UIImage+REFrostedViewController.m */ = {isa = PBXFileReference; fileEncoding = 4; lastKnownFileType = sourcecode.c.objc; path = "UIImage+REFrostedViewController.m"; sourceTree = "<group>"; };
		835CA5071AE20209005B2340 /* UIView+REFrostedViewController.h */ = {isa = PBXFileReference; fileEncoding = 4; lastKnownFileType = sourcecode.c.h; path = "UIView+REFrostedViewController.h"; sourceTree = "<group>"; };
		835CA5081AE20209005B2340 /* UIView+REFrostedViewController.m */ = {isa = PBXFileReference; fileEncoding = 4; lastKnownFileType = sourcecode.c.objc; path = "UIView+REFrostedViewController.m"; sourceTree = "<group>"; };
		835CA5091AE20209005B2340 /* UIViewController+REFrostedViewController.h */ = {isa = PBXFileReference; fileEncoding = 4; lastKnownFileType = sourcecode.c.h; path = "UIViewController+REFrostedViewController.h"; sourceTree = "<group>"; };
		835CA50A1AE20209005B2340 /* UIViewController+REFrostedViewController.m */ = {isa = PBXFileReference; fileEncoding = 4; lastKnownFileType = sourcecode.c.objc; path = "UIViewController+REFrostedViewController.m"; sourceTree = "<group>"; };
		835CA5141AE20850005B2340 /* back.png */ = {isa = PBXFileReference; lastKnownFileType = image.png; path = back.png; sourceTree = "<group>"; };
/* End PBXFileReference section */

/* Begin PBXFrameworksBuildPhase section */
		835CA4C61AE201D9005B2340 /* Frameworks */ = {
			isa = PBXFrameworksBuildPhase;
			buildActionMask = 2147483647;
			files = (
			);
			runOnlyForDeploymentPostprocessing = 0;
		};
		835CA4DF1AE201D9005B2340 /* Frameworks */ = {
			isa = PBXFrameworksBuildPhase;
			buildActionMask = 2147483647;
			files = (
			);
			runOnlyForDeploymentPostprocessing = 0;
		};
/* End PBXFrameworksBuildPhase section */

/* Begin PBXGroup section */
		835CA4C01AE201D9005B2340 = {
			isa = PBXGroup;
			children = (
				835CA4CB1AE201D9005B2340 /* MoveEducation */,
				835CA4E51AE201D9005B2340 /* MoveEducationTests */,
				835CA4CA1AE201D9005B2340 /* Products */,
			);
			sourceTree = "<group>";
		};
		835CA4CA1AE201D9005B2340 /* Products */ = {
			isa = PBXGroup;
			children = (
				835CA4C91AE201D9005B2340 /* MoveEducation.app */,
				835CA4E21AE201D9005B2340 /* MoveEducationTests.xctest */,
			);
			name = Products;
			sourceTree = "<group>";
		};
		835CA4CB1AE201D9005B2340 /* MoveEducation */ = {
			isa = PBXGroup;
			children = (
				835CA5111AE20845005B2340 /* 3RD */,
				835CA5121AE20845005B2340 /* files2 */,
				835CA5131AE20845005B2340 /* images */,
				835CA4FE1AE20209005B2340 /* REFrostedViewController */,
				835CA4F21AE201F2005B2340 /* DEMOHomeViewController.h */,
				835CA4F31AE201F2005B2340 /* DEMOHomeViewController.m */,
				835CA4F41AE201F2005B2340 /* DEMOMenuViewController.h */,
				835CA4F51AE201F2005B2340 /* DEMOMenuViewController.m */,
				835CA4F61AE201F2005B2340 /* DEMONavigationController.h */,
				835CA4F71AE201F2005B2340 /* DEMONavigationController.m */,
				835CA4F81AE201F2005B2340 /* DEMOSecondViewController.h */,
				835CA4F91AE201F2005B2340 /* DEMOSecondViewController.m */,
				835CA4D01AE201D9005B2340 /* AppDelegate.h */,
				835CA4D11AE201D9005B2340 /* AppDelegate.m */,
				835CA4D31AE201D9005B2340 /* ViewController.h */,
				835CA4D41AE201D9005B2340 /* ViewController.m */,
				835CA4D61AE201D9005B2340 /* Main.storyboard */,
				835CA4D91AE201D9005B2340 /* Images.xcassets */,
				835CA4DB1AE201D9005B2340 /* LaunchScreen.xib */,
				835CA4CC1AE201D9005B2340 /* Supporting Files */,
			);
			path = MoveEducation;
			sourceTree = "<group>";
		};
		835CA4CC1AE201D9005B2340 /* Supporting Files */ = {
			isa = PBXGroup;
			children = (
				835CA4CD1AE201D9005B2340 /* Info.plist */,
				835CA4CE1AE201D9005B2340 /* main.m */,
			);
			name = "Supporting Files";
			sourceTree = "<group>";
		};
		835CA4E51AE201D9005B2340 /* MoveEducationTests */ = {
			isa = PBXGroup;
			children = (
				835CA4E81AE201D9005B2340 /* MoveEducationTests.m */,
				835CA4E61AE201D9005B2340 /* Supporting Files */,
			);
			path = MoveEducationTests;
			sourceTree = "<group>";
		};
		835CA4E61AE201D9005B2340 /* Supporting Files */ = {
			isa = PBXGroup;
			children = (
				835CA4E71AE201D9005B2340 /* Info.plist */,
			);
			name = "Supporting Files";
			sourceTree = "<group>";
		};
		835CA4FE1AE20209005B2340 /* REFrostedViewController */ = {
			isa = PBXGroup;
			children = (
				835CA4FF1AE20209005B2340 /* RECommonFunctions.h */,
				835CA5001AE20209005B2340 /* RECommonFunctions.m */,
				835CA5011AE20209005B2340 /* REFrostedContainerViewController.h */,
				835CA5021AE20209005B2340 /* REFrostedContainerViewController.m */,
				835CA5031AE20209005B2340 /* REFrostedViewController.h */,
				835CA5041AE20209005B2340 /* REFrostedViewController.m */,
				835CA5051AE20209005B2340 /* UIImage+REFrostedViewController.h */,
				835CA5061AE20209005B2340 /* UIImage+REFrostedViewController.m */,
				835CA5071AE20209005B2340 /* UIView+REFrostedViewController.h */,
				835CA5081AE20209005B2340 /* UIView+REFrostedViewController.m */,
				835CA5091AE20209005B2340 /* UIViewController+REFrostedViewController.h */,
				835CA50A1AE20209005B2340 /* UIViewController+REFrostedViewController.m */,
			);
			path = REFrostedViewController;
			sourceTree = "<group>";
		};
		835CA5111AE20845005B2340 /* 3RD */ = {
			isa = PBXGroup;
			children = (
				832399341AE4DB5900D64558 /* TableViewCell.h */,
				832399351AE4DB5900D64558 /* TableViewCell.m */,
			);
			name = 3RD;
			path = file1;
			sourceTree = "<group>";
		};
		835CA5121AE20845005B2340 /* files2 */ = {
			isa = PBXGroup;
			children = (
			);
			path = files2;
			sourceTree = "<group>";
		};
		835CA5131AE20845005B2340 /* images */ = {
			isa = PBXGroup;
			children = (
				832399141AE4A60B00D64558 /* 1_0m.png */,
				832399151AE4A60B00D64558 /* 1_1m.png */,
				832399161AE4A60B00D64558 /* 1_2m.png */,
				832399171AE4A60B00D64558 /* 1_3m.png */,
				832399181AE4A60B00D64558 /* 1_4m.png */,
				832399191AE4A60B00D64558 /* 1_5m.png */,
				8323991A1AE4A60B00D64558 /* 1_6m.png */,
				8323991B1AE4A60B00D64558 /* 2_0m.png */,
				8323991C1AE4A60B00D64558 /* 2_1m.png */,
				8323991D1AE4A60B00D64558 /* 3_0m.png */,
				8323991E1AE4A60B00D64558 /* 3_1m.png */,
				832399121AE49F5400D64558 /* head.jpg */,
				835CA5141AE20850005B2340 /* back.png */,
			);
			path = images;
			sourceTree = "<group>";
		};
/* End PBXGroup section */

/* Begin PBXNativeTarget section */
		835CA4C81AE201D9005B2340 /* MoveEducation */ = {
			isa = PBXNativeTarget;
			buildConfigurationList = 835CA4EC1AE201D9005B2340 /* Build configuration list for PBXNativeTarget "MoveEducation" */;
			buildPhases = (
				835CA4C51AE201D9005B2340 /* Sources */,
				835CA4C61AE201D9005B2340 /* Frameworks */,
				835CA4C71AE201D9005B2340 /* Resources */,
			);
			buildRules = (
			);
			dependencies = (
			);
			name = MoveEducation;
			productName = MoveEducation;
			productReference = 835CA4C91AE201D9005B2340 /* MoveEducation.app */;
			productType = "com.apple.product-type.application";
		};
		835CA4E11AE201D9005B2340 /* MoveEducationTests */ = {
			isa = PBXNativeTarget;
			buildConfigurationList = 835CA4EF1AE201D9005B2340 /* Build configuration list for PBXNativeTarget "MoveEducationTests" */;
			buildPhases = (
				835CA4DE1AE201D9005B2340 /* Sources */,
				835CA4DF1AE201D9005B2340 /* Frameworks */,
				835CA4E01AE201D9005B2340 /* Resources */,
			);
			buildRules = (
			);
			dependencies = (
				835CA4E41AE201D9005B2340 /* PBXTargetDependency */,
			);
			name = MoveEducationTests;
			productName = MoveEducationTests;
			productReference = 835CA4E21AE201D9005B2340 /* MoveEducationTests.xctest */;
			productType = "com.apple.product-type.bundle.unit-test";
		};
/* End PBXNativeTarget section */

/* Begin PBXProject section */
		835CA4C11AE201D9005B2340 /* Project object */ = {
			isa = PBXProject;
			attributes = {
				LastUpgradeCheck = 0620;
				ORGANIZATIONNAME = "1Cake-Macbookpro";
				TargetAttributes = {
					835CA4C81AE201D9005B2340 = {
						CreatedOnToolsVersion = 6.2;
					};
					835CA4E11AE201D9005B2340 = {
						CreatedOnToolsVersion = 6.2;
						TestTargetID = 835CA4C81AE201D9005B2340;
					};
				};
			};
			buildConfigurationList = 835CA4C41AE201D9005B2340 /* Build configuration list for PBXProject "MoveEducation" */;
			compatibilityVersion = "Xcode 3.2";
			developmentRegion = English;
			hasScannedForEncodings = 0;
			knownRegions = (
				en,
				Base,
			);
			mainGroup = 835CA4C01AE201D9005B2340;
			productRefGroup = 835CA4CA1AE201D9005B2340 /* Products */;
			projectDirPath = "";
			projectRoot = "";
			targets = (
				835CA4C81AE201D9005B2340 /* MoveEducation */,
				835CA4E11AE201D9005B2340 /* MoveEducationTests */,
			);
		};
/* End PBXProject section */

/* Begin PBXResourcesBuildPhase section */
		835CA4C71AE201D9005B2340 /* Resources */ = {
			isa = PBXResourcesBuildPhase;
			buildActionMask = 2147483647;
			files = (
				832399271AE4A60B00D64558 /* 2_1m.png in Resources */,
				832399221AE4A60B00D64558 /* 1_3m.png in Resources */,
				8323991F1AE4A60B00D64558 /* 1_0m.png in Resources */,
				832399231AE4A60B00D64558 /* 1_4m.png in Resources */,
				832399241AE4A60B00D64558 /* 1_5m.png in Resources */,
				835CA5151AE20850005B2340 /* back.png in Resources */,
				832399211AE4A60B00D64558 /* 1_2m.png in Resources */,
				832399251AE4A60B00D64558 /* 1_6m.png in Resources */,
				832399131AE49F5400D64558 /* head.jpg in Resources */,
				835CA4D81AE201D9005B2340 /* Main.storyboard in Resources */,
				832399201AE4A60B00D64558 /* 1_1m.png in Resources */,
				832399291AE4A60B00D64558 /* 3_1m.png in Resources */,
				835CA4DD1AE201D9005B2340 /* LaunchScreen.xib in Resources */,
				832399281AE4A60B00D64558 /* 3_0m.png in Resources */,
				832399261AE4A60B00D64558 /* 2_0m.png in Resources */,
				835CA4DA1AE201D9005B2340 /* Images.xcassets in Resources */,
			);
			runOnlyForDeploymentPostprocessing = 0;
		};
		835CA4E01AE201D9005B2340 /* Resources */ = {
			isa = PBXResourcesBuildPhase;
			buildActionMask = 2147483647;
			files = (
			);
			runOnlyForDeploymentPostprocessing = 0;
		};
/* End PBXResourcesBuildPhase section */

/* Begin PBXSourcesBuildPhase section */
		835CA4C51AE201D9005B2340 /* Sources */ = {
			isa = PBXSourcesBuildPhase;
			buildActionMask = 2147483647;
			files = (
				835CA4FC1AE201F2005B2340 /* DEMONavigationController.m in Sources */,
				835CA50C1AE20209005B2340 /* REFrostedContainerViewController.m in Sources */,
				835CA4FA1AE201F2005B2340 /* DEMOHomeViewController.m in Sources */,
				835CA4D51AE201D9005B2340 /* ViewController.m in Sources */,
				835CA4D21AE201D9005B2340 /* AppDelegate.m in Sources */,
				835CA5101AE20209005B2340 /* UIViewController+REFrostedViewController.m in Sources */,
				835CA50E1AE20209005B2340 /* UIImage+REFrostedViewController.m in Sources */,
				832399361AE4DB5900D64558 /* TableViewCell.m in Sources */,
				835CA4FD1AE201F2005B2340 /* DEMOSecondViewController.m in Sources */,
				835CA4FB1AE201F2005B2340 /* DEMOMenuViewController.m in Sources */,
				835CA50F1AE20209005B2340 /* UIView+REFrostedViewController.m in Sources */,
				835CA4CF1AE201D9005B2340 /* main.m in Sources */,
				835CA50B1AE20209005B2340 /* RECommonFunctions.m in Sources */,
				835CA50D1AE20209005B2340 /* REFrostedViewController.m in Sources */,
			);
			runOnlyForDeploymentPostprocessing = 0;
		};
		835CA4DE1AE201D9005B2340 /* Sources */ = {
			isa = PBXSourcesBuildPhase;
			buildActionMask = 2147483647;
			files = (
				835CA4E91AE201D9005B2340 /* MoveEducationTests.m in Sources */,
			);
			runOnlyForDeploymentPostprocessing = 0;
		};
/* End PBXSourcesBuildPhase section */

/* Begin PBXTargetDependency section */
		835CA4E41AE201D9005B2340 /* PBXTargetDependency */ = {
			isa = PBXTargetDependency;
			target = 835CA4C81AE201D9005B2340 /* MoveEducation */;
			targetProxy = 835CA4E31AE201D9005B2340 /* PBXContainerItemProxy */;
		};
/* End PBXTargetDependency section */

/* Begin PBXVariantGroup section */
		835CA4D61AE201D9005B2340 /* Main.storyboard */ = {
			isa = PBXVariantGroup;
			children = (
				835CA4D71AE201D9005B2340 /* Base */,
			);
			name = Main.storyboard;
			sourceTree = "<group>";
		};
		835CA4DB1AE201D9005B2340 /* LaunchScreen.xib */ = {
			isa = PBXVariantGroup;
			children = (
				835CA4DC1AE201D9005B2340 /* Base */,
			);
			name = LaunchScreen.xib;
			sourceTree = "<group>";
		};
/* End PBXVariantGroup section */

/* Begin XCBuildConfiguration section */
		835CA4EA1AE201D9005B2340 /* Debug */ = {
			isa = XCBuildConfiguration;
			buildSettings = {
				ALWAYS_SEARCH_USER_PATHS = NO;
				CLANG_CXX_LANGUAGE_STANDARD = "gnu++0x";
				CLANG_CXX_LIBRARY = "libc++";
				CLANG_ENABLE_MODULES = YES;
				CLANG_ENABLE_OBJC_ARC = YES;
				CLANG_WARN_BOOL_CONVERSION = YES;
				CLANG_WARN_CONSTANT_CONVERSION = YES;
				CLANG_WARN_DIRECT_OBJC_ISA_USAGE = YES_ERROR;
				CLANG_WARN_EMPTY_BODY = YES;
				CLANG_WARN_ENUM_CONVERSION = YES;
				CLANG_WARN_INT_CONVERSION = YES;
				CLANG_WARN_OBJC_ROOT_CLASS = YES_ERROR;
				CLANG_WARN_UNREACHABLE_CODE = YES;
				CLANG_WARN__DUPLICATE_METHOD_MATCH = YES;
				"CODE_SIGN_IDENTITY[sdk=iphoneos*]" = "iPhone Developer";
				COPY_PHASE_STRIP = NO;
				ENABLE_STRICT_OBJC_MSGSEND = YES;
				GCC_C_LANGUAGE_STANDARD = gnu99;
				GCC_DYNAMIC_NO_PIC = NO;
				GCC_OPTIMIZATION_LEVEL = 0;
				GCC_PREPROCESSOR_DEFINITIONS = (
					"DEBUG=1",
					"$(inherited)",
				);
				GCC_SYMBOLS_PRIVATE_EXTERN = NO;
				GCC_WARN_64_TO_32_BIT_CONVERSION = YES;
				GCC_WARN_ABOUT_RETURN_TYPE = YES_ERROR;
				GCC_WARN_UNDECLARED_SELECTOR = YES;
				GCC_WARN_UNINITIALIZED_AUTOS = YES_AGGRESSIVE;
				GCC_WARN_UNUSED_FUNCTION = YES;
				GCC_WARN_UNUSED_VARIABLE = YES;
				IPHONEOS_DEPLOYMENT_TARGET = 8.2;
				MTL_ENABLE_DEBUG_INFO = YES;
				ONLY_ACTIVE_ARCH = YES;
				SDKROOT = iphoneos;
			};
			name = Debug;
		};
		835CA4EB1AE201D9005B2340 /* Release */ = {
			isa = XCBuildConfiguration;
			buildSettings = {
				ALWAYS_SEARCH_USER_PATHS = NO;
				CLANG_CXX_LANGUAGE_STANDARD = "gnu++0x";
				CLANG_CXX_LIBRARY = "libc++";
				CLANG_ENABLE_MODULES = YES;
				CLANG_ENABLE_OBJC_ARC = YES;
				CLANG_WARN_BOOL_CONVERSION = YES;
				CLANG_WARN_CONSTANT_CONVERSION = YES;
				CLANG_WARN_DIRECT_OBJC_ISA_USAGE = YES_ERROR;
				CLANG_WARN_EMPTY_BODY = YES;
				CLANG_WARN_ENUM_CONVERSION = YES;
				CLANG_WARN_INT_CONVERSION = YES;
				CLANG_WARN_OBJC_ROOT_CLASS = YES_ERROR;
				CLANG_WARN_UNREACHABLE_CODE = YES;
				CLANG_WARN__DUPLICATE_METHOD_MATCH = YES;
				"CODE_SIGN_IDENTITY[sdk=iphoneos*]" = "iPhone Developer";
				COPY_PHASE_STRIP = NO;
				ENABLE_NS_ASSERTIONS = NO;
				ENABLE_STRICT_OBJC_MSGSEND = YES;
				GCC_C_LANGUAGE_STANDARD = gnu99;
				GCC_WARN_64_TO_32_BIT_CONVERSION = YES;
				GCC_WARN_ABOUT_RETURN_TYPE = YES_ERROR;
				GCC_WARN_UNDECLARED_SELECTOR = YES;
				GCC_WARN_UNINITIALIZED_AUTOS = YES_AGGRESSIVE;
				GCC_WARN_UNUSED_FUNCTION = YES;
				GCC_WARN_UNUSED_VARIABLE = YES;
				IPHONEOS_DEPLOYMENT_TARGET = 8.2;
				MTL_ENABLE_DEBUG_INFO = NO;
				SDKROOT = iphoneos;
				VALIDATE_PRODUCT = YES;
			};
			name = Release;
		};
		835CA4ED1AE201D9005B2340 /* Debug */ = {
			isa = XCBuildConfiguration;
			buildSettings = {
				ASSETCATALOG_COMPILER_APPICON_NAME = AppIcon;
				INFOPLIST_FILE = MoveEducation/Info.plist;
				IPHONEOS_DEPLOYMENT_TARGET = 8.0;
				LD_RUNPATH_SEARCH_PATHS = "$(inherited) @executable_path/Frameworks";
				PRODUCT_NAME = "$(TARGET_NAME)";
			};
			name = Debug;
		};
		835CA4EE1AE201D9005B2340 /* Release */ = {
			isa = XCBuildConfiguration;
			buildSettings = {
				ASSETCATALOG_COMPILER_APPICON_NAME = AppIcon;
				INFOPLIST_FILE = MoveEducation/Info.plist;
				IPHONEOS_DEPLOYMENT_TARGET = 8.0;
				LD_RUNPATH_SEARCH_PATHS = "$(inherited) @executable_path/Frameworks";
				PRODUCT_NAME = "$(TARGET_NAME)";
			};
			name = Release;
		};
		835CA4F01AE201D9005B2340 /* Debug */ = {
			isa = XCBuildConfiguration;
			buildSettings = {
				BUNDLE_LOADER = "$(TEST_HOST)";
				FRAMEWORK_SEARCH_PATHS = (
					"$(SDKROOT)/Developer/Library/Frameworks",
					"$(inherited)",
				);
				GCC_PREPROCESSOR_DEFINITIONS = (
					"DEBUG=1",
					"$(inherited)",
				);
				INFOPLIST_FILE = MoveEducationTests/Info.plist;
				LD_RUNPATH_SEARCH_PATHS = "$(inherited) @executable_path/Frameworks @loader_path/Frameworks";
				PRODUCT_NAME = "$(TARGET_NAME)";
				TEST_HOST = "$(BUILT_PRODUCTS_DIR)/MoveEducation.app/MoveEducation";
			};
			name = Debug;
		};
		835CA4F11AE201D9005B2340 /* Release */ = {
			isa = XCBuildConfiguration;
			buildSettings = {
				BUNDLE_LOADER = "$(TEST_HOST)";
				FRAMEWORK_SEARCH_PATHS = (
					"$(SDKROOT)/Developer/Library/Frameworks",
					"$(inherited)",
				);
				INFOPLIST_FILE = MoveEducationTests/Info.plist;
				LD_RUNPATH_SEARCH_PATHS = "$(inherited) @executable_path/Frameworks @loader_path/Frameworks";
				PRODUCT_NAME = "$(TARGET_NAME)";
				TEST_HOST = "$(BUILT_PRODUCTS_DIR)/MoveEducation.app/MoveEducation";
			};
			name = Release;
		};
/* End XCBuildConfiguration section */

/* Begin XCConfigurationList section */
		835CA4C41AE201D9005B2340 /* Build configuration list for PBXProject "MoveEducation" */ = {
			isa = XCConfigurationList;
			buildConfigurations = (
				835CA4EA1AE201D9005B2340 /* Debug */,
				835CA4EB1AE201D9005B2340 /* Release */,
			);
			defaultConfigurationIsVisible = 0;
			defaultConfigurationName = Release;
		};
		835CA4EC1AE201D9005B2340 /* Build configuration list for PBXNativeTarget "MoveEducation" */ = {
			isa = XCConfigurationList;
			buildConfigurations = (
				835CA4ED1AE201D9005B2340 /* Debug */,
				835CA4EE1AE201D9005B2340 /* Release */,
			);
			defaultConfigurationIsVisible = 0;
			defaultConfigurationName = Release;
		};
		835CA4EF1AE201D9005B2340 /* Build configuration list for PBXNativeTarget "MoveEducationTests" */ = {
			isa = XCConfigurationList;
			buildConfigurations = (
				835CA4F01AE201D9005B2340 /* Debug */,
				835CA4F11AE201D9005B2340 /* Release */,
			);
			defaultConfigurationIsVisible = 0;
			defaultConfigurationName = Release;
		};
/* End XCConfigurationList section */
	};
	rootObject = 835CA4C11AE201D9005B2340 /* Project object */;
}
